
Microsoft Visual Studio Solution File, Format Version 12.00
# Visual Studio Version 17
VisualStudioVersion = 17.2.32630.192
MinimumVisualStudioVersion = 10.0.40219.1
Project("{FAE04EC0-301F-11D3-BF4B-00C04F79EFBC}") = "P16", "P16\P16.csproj", "{40AFEDCF-9C60-4F5D-9F26-7DEC4527DF85}"
EndProject
Global
	GlobalSection(SolutionConfigurationPlatforms) = preSolution
		Debug|Any CPU = Debug|Any CPU
		Release|Any CPU = Release|Any CPU
	EndGlobalSection
	GlobalSection(ProjectConfigurationPlatforms) = postSolution
		{40AFEDCF-9C60-4F5D-9F26-7DEC4527DF85}.Debug|Any CPU.ActiveCfg = Debug|Any CPU
		{40AFEDCF-9C60-4F5D-9F26-7DEC4527DF85}.Debug|Any CPU.Build.0 = Debug|Any CPU
		{40AFEDCF-9C60-4F5D-9F26-7DEC4527DF85}.Release|Any CPU.ActiveCfg = Release|Any CPU
		{40AFEDCF-9C60-4F5D-9F26-7DEC4527DF85}.Release|Any CPU.Build.0 = Release|Any CPU
	EndGlobalSection
	GlobalSection(SolutionProperties) = preSolution
		HideSolutionNode = FALSE
	EndGlobalSection
	GlobalSection(ExtensibilityGlobals) = postSolution
		SolutionGuid = {88B282F3-63B5-4E67-A659-4E741F13B20F}
	EndGlobalSection
EndGlobal
