
Microsoft Visual Studio Solution File, Format Version 12.00
# Visual Studio Version 17
VisualStudioVersion = 17.2.32630.192
MinimumVisualStudioVersion = 10.0.40219.1
Project("{FAE04EC0-301F-11D3-BF4B-00C04F79EFBC}") = "P5", "P5\P5.csproj", "{0A8539F7-770A-43DB-AFA8-F24DC95412AC}"
EndProject
Global
	GlobalSection(SolutionConfigurationPlatforms) = preSolution
		Debug|Any CPU = Debug|Any CPU
		Release|Any CPU = Release|Any CPU
	EndGlobalSection
	GlobalSection(ProjectConfigurationPlatforms) = postSolution
		{0A8539F7-770A-43DB-AFA8-F24DC95412AC}.Debug|Any CPU.ActiveCfg = Debug|Any CPU
		{0A8539F7-770A-43DB-AFA8-F24DC95412AC}.Debug|Any CPU.Build.0 = Debug|Any CPU
		{0A8539F7-770A-43DB-AFA8-F24DC95412AC}.Release|Any CPU.ActiveCfg = Release|Any CPU
		{0A8539F7-770A-43DB-AFA8-F24DC95412AC}.Release|Any CPU.Build.0 = Release|Any CPU
	EndGlobalSection
	GlobalSection(SolutionProperties) = preSolution
		HideSolutionNode = FALSE
	EndGlobalSection
	GlobalSection(ExtensibilityGlobals) = postSolution
		SolutionGuid = {616B0BEA-4412-48D2-95F9-986CD7791E26}
	EndGlobalSection
EndGlobal
