
Microsoft Visual Studio Solution File, Format Version 12.00
# Visual Studio Version 17
VisualStudioVersion = 17.2.32630.192
MinimumVisualStudioVersion = 10.0.40219.1
Project("{FAE04EC0-301F-11D3-BF4B-00C04F79EFBC}") = "P11", "P11\P11.csproj", "{54F1F493-DE32-43A5-BD63-C0618280F112}"
EndProject
Global
	GlobalSection(SolutionConfigurationPlatforms) = preSolution
		Debug|Any CPU = Debug|Any CPU
		Release|Any CPU = Release|Any CPU
	EndGlobalSection
	GlobalSection(ProjectConfigurationPlatforms) = postSolution
		{54F1F493-DE32-43A5-BD63-C0618280F112}.Debug|Any CPU.ActiveCfg = Debug|Any CPU
		{54F1F493-DE32-43A5-BD63-C0618280F112}.Debug|Any CPU.Build.0 = Debug|Any CPU
		{54F1F493-DE32-43A5-BD63-C0618280F112}.Release|Any CPU.ActiveCfg = Release|Any CPU
		{54F1F493-DE32-43A5-BD63-C0618280F112}.Release|Any CPU.Build.0 = Release|Any CPU
	EndGlobalSection
	GlobalSection(SolutionProperties) = preSolution
		HideSolutionNode = FALSE
	EndGlobalSection
	GlobalSection(ExtensibilityGlobals) = postSolution
		SolutionGuid = {E793DC3D-0C2E-45A8-81AB-B8513F796192}
	EndGlobalSection
EndGlobal
